{
  "lockfileVersion": 1,
  "configVersion": 1,
  "workspaces": {
    "": {
      "name": "lean-libs",
      "dependencies": {
        "@rollup/plugin-commonjs": "^29.0.3",
        "@rollup/plugin-node-resolve": "^16.0.3",
        "@rollup/plugin-terser": "^1.0.0",
        "glob": "13.0.6",
        "rollup": "^4.64.0",
        "rollup-plugin-dts": "^6.5.1",
        "typescript": "^7.0.2",
        "yargs": "17.7.2",
      },
      "devDependencies": {
        "@typescript/typescript6": "^6.0.2",
      },
    },
  },
  "packages": {
    "@babel/code-frame": ["@babel/code-frame@8.0.6", "", { "dependencies": { "@babel/helper-validator-identifier": "^8.0.6", "js-tokens": "^10.0.0" } }, "sha512-uMHhvmDmwFiLuiozaoRYTZHqMFuu3fem/X9JY78lohAuLoh8LSGGC8JqUzo2cVuBsBxkjMZNk56CE7ock8Xxkw=="],

    "@babel/helper-validator-identifier": ["@babel/helper-validator-identifier@8.0.6", "", {}, "sha512-HYx0YmuchRxRSpnjvcNffnPS8DCauKNmnumIuHG3jnQAVewRA7kfJGwF13ayEpSZs7s4R/oBH4eppuXcAQd5JQ=="],

    "@jridgewell/gen-mapping": ["@jridgewell/gen-mapping@0.3.13", "", { "dependencies": { "@jridgewell/sourcemap-codec": "^1.5.0", "@jridgewell/trace-mapping": "^0.3.24" } }, "sha512-2kkt/7niJ6MgEPxF0bYdQ6etZaA+fQvDcLKckhy1yIQOzaoKjBBjSj63/aLVjYE3qhRt5dvM+uUyfCg6UKCBbA=="],

    "@jridgewell/remapping": ["@jridgewell/remapping@2.3.5", "", { "dependencies": { "@jridgewell/gen-mapping": "^0.3.5", "@jridgewell/trace-mapping": "^0.3.24" } }, "sha512-LI9u/+laYG4Ds1TDKSJW2YPrIlcVYOwi2fUC6xB43lueCjgxV4lffOCZCtYFiH6TNOX+tQKXx97T4IKHbhyHEQ=="],

    "@jridgewell/resolve-uri": ["@jridgewell/resolve-uri@3.1.2", "", {}, "sha512-bRISgCIjP20/tbWSPWMEi54QVPRZExkuD9lJL+UIxUKtwVJA8wW1Trb1jMs1RFXo1CBTNZ/5hpC9QvmKWdopKw=="],

    "@jridgewell/source-map": ["@jridgewell/source-map@0.3.11", "", { "dependencies": { "@jridgewell/gen-mapping": "^0.3.5", "@jridgewell/trace-mapping": "^0.3.25" } }, "sha512-ZMp1V8ZFcPG5dIWnQLr3NSI1MiCU7UETdS/A0G8V/XWHvJv3ZsFqutJn1Y5RPmAPX6F3BiE397OqveU/9NCuIA=="],

    "@jridgewell/sourcemap-codec": ["@jridgewell/sourcemap-codec@1.6.0", "", {}, "sha512-T7jf+5zgsZHwNJ4lvQ7/aezbyk0nNX+zJVWpmHA7VYsEx7a7qr5Rg5IbtJFqkgze5Y2sruq1RUY8Q837Od7iFw=="],

    "@jridgewell/trace-mapping": ["@jridgewell/trace-mapping@0.3.31", "", { "dependencies": { "@jridgewell/resolve-uri": "^3.1.0", "@jridgewell/sourcemap-codec": "^1.4.14" } }, "sha512-zzNR+SdQSDJzc8joaeP8QQoCQr8NuYx2dIIytl1QeBEZHJ9uW6hebsrYgbz8hJwUQao3TWCMtmfV8Nu1twOLAw=="],

    "@napi-rs/lzma-linux-x64-gnu": ["@napi-rs/lzma-linux-x64-gnu@1.5.1", "", { "os": "linux", "cpu": "x64" }, "sha512-oTXEIha4SsuXdTA4Iyskj0kpdx2yVXdhd75c2v3xGrHFfVMsbhTPZU/nMPL4sWKo4pBHm3aucLaqGlF696dTyQ=="],

    "@rollup/plugin-commonjs": ["@rollup/plugin-commonjs@29.0.3", "", { "dependencies": { "@rollup/pluginutils": "^5.0.1", "commondir": "^1.0.1", "estree-walker": "^2.0.2", "fdir": "^6.2.0", "is-reference": "1.2.1", "magic-string": "^0.30.3", "picomatch": "^4.0.2" }, "peerDependencies": { "rollup": "^2.68.0||^3.0.0||^4.0.0" }, "optionalPeers": ["rollup"] }, "sha512-ZaOxZceP7SOUW7Lqw5IRVweSQYWaeIPnXIGLiB690EBA3FGJTO40EEr2L5yZplJWsgTCogILRSpcAe7+U0Otdg=="],

    "@rollup/plugin-node-resolve": ["@rollup/plugin-node-resolve@16.0.3", "", { "dependencies": { "@rollup/pluginutils": "^5.0.1", "@types/resolve": "1.20.2", "deepmerge": "^4.2.2", "is-module": "^1.0.0", "resolve": "^1.22.1" }, "peerDependencies": { "rollup": "^2.78.0||^3.0.0||^4.0.0" }, "optionalPeers": ["rollup"] }, "sha512-lUYM3UBGuM93CnMPG1YocWu7X802BrNF3jW2zny5gQyLQgRFJhV1Sq0Zi74+dh/6NBx1DxFC4b4GXg9wUCG5Qg=="],

    "@rollup/plugin-terser": ["@rollup/plugin-terser@1.0.0", "", { "dependencies": { "serialize-javascript": "^7.0.3", "smob": "^1.0.0", "terser": "^5.17.4" }, "peerDependencies": { "rollup": "^2.0.0||^3.0.0||^4.0.0" }, "optionalPeers": ["rollup"] }, "sha512-FnCxhTBx6bMOYQrar6C8h3scPt8/JwIzw3+AJ2K++6guogH5fYaIFia+zZuhqv0eo1RN7W1Pz630SyvLbDjhtQ=="],

    "@rollup/pluginutils": ["@rollup/pluginutils@5.4.0", "", { "dependencies": { "@types/estree": "^1.0.0", "estree-walker": "^2.0.2", "picomatch": "^4.0.2" }, "peerDependencies": { "rollup": "^1.20.0||^2.0.0||^3.0.0||^4.0.0" }, "optionalPeers": ["rollup"] }, "sha512-MfPp06CjRLfXQ3wY0R8vJDYBy/MvVcc9OulEfR0B8Iv9ko+GCNaRZ+EpJYFl27LhKsZK0o420sYCRHCjfCgeUg=="],

    "@rollup/rollup-android-arm-eabi": ["@rollup/rollup-android-arm-eabi@4.64.0", "", { "os": "android", "cpu": "arm" }, "sha512-FLLpX941CD/7aBvX3GqLGBM9OvY5PGXTryPJkG5r5/OuBpZpV5k45Uo3RxAvqd35tsyc3hH1bhtz921IKzoIzg=="],

    "@rollup/rollup-android-arm64": ["@rollup/rollup-android-arm64@4.64.0", "", { "os": "android", "cpu": "arm64" }, "sha512-iI32XM/jnDYJsvx5ai/za/7gWO9XoSeFFtU06/ZCaRgyilfJOjaopD3nOpk2WrTCGOyeDt4hleUiGOAnd5tHNg=="],

    "@rollup/rollup-darwin-arm64": ["@rollup/rollup-darwin-arm64@4.64.0", "", { "os": "darwin", "cpu": "arm64" }, "sha512-dRBZlbt2sEtF8Mn4MODThze9fIPdDoOhVSlXMAKy5dQbOYK9pOOoPY4Fat3OTtr0+8zbJo5TTZwlsfxY/kDNJg=="],

    "@rollup/rollup-darwin-x64": ["@rollup/rollup-darwin-x64@4.64.0", "", { "os": "darwin", "cpu": "x64" }, "sha512-Y3whrJOMucfkhgNkvcM93M6j8C53iEAMmPMYD99C6G1kUy4ELigLWk9ar2/4aCBSRgsql0zdlOemLgW2m5GZgQ=="],

    "@rollup/rollup-freebsd-arm64": ["@rollup/rollup-freebsd-arm64@4.64.0", "", { "os": "freebsd", "cpu": "arm64" }, "sha512-S6S1GEzPjFF6IONYJX3AKt/799+8RgBgCcwRnUo+Ep1IvBxUbw5M51iU0TDdK2NWWVnSvCQ8yi6Em0fGASMOng=="],

    "@rollup/rollup-freebsd-x64": ["@rollup/rollup-freebsd-x64@4.64.0", "", { "os": "freebsd", "cpu": "x64" }, "sha512-Ed1DPoFENkXj4IGzSB12SesV40iP6LxCCrbTIkSGIQBpOOxpBM+0kj62lmaeIHfMWTDoddqTOtqc7s8LYfn+Pw=="],

    "@rollup/rollup-linux-arm-gnueabihf": ["@rollup/rollup-linux-arm-gnueabihf@4.64.0", "", { "os": "linux", "cpu": "arm" }, "sha512-J/6xhutJPtFyIkmHdf4olOdHHKH5kOJNumojdWn+Elv5ICEYTVOa362Vw27TxsK0BLzb1le3EDlO3UbvFK1lnQ=="],

    "@rollup/rollup-linux-arm-musleabihf": ["@rollup/rollup-linux-arm-musleabihf@4.64.0", "", { "os": "linux", "cpu": "arm" }, "sha512-G4L/Nnx59d2LvDoV/P4S5lZ7oVLT6hodOHMacqjiq2LL2gts86KbkEBTYL53+fBt0odhf7XPIbIATGoYiJctxg=="],

    "@rollup/rollup-linux-arm64-gnu": ["@rollup/rollup-linux-arm64-gnu@4.64.0", "", { "os": "linux", "cpu": "arm64" }, "sha512-zF16pvJDEUksGYRbfnXne7pdklAyj2XDmJeYKgP93oq0cUyX9Y8O7lUo1R+IY1GagP/YBvCEDCe7eEcAKpw//g=="],

    "@rollup/rollup-linux-arm64-musl": ["@rollup/rollup-linux-arm64-musl@4.64.0", "", { "os": "linux", "cpu": "arm64" }, "sha512-nIggWn8n+w12+R5lsV+PYYoUY8vuObxPAQqJI7WES+9v0qspYuAHoZMfYM0yLxlipasT5BY9ht5W8t5c/rSCkg=="],

    "@rollup/rollup-linux-loong64-gnu": ["@rollup/rollup-linux-loong64-gnu@4.64.0", "", { "os": "linux", "cpu": "none" }, "sha512-WLOTiHPzszP0dxIMsHpFeDSOSB5I49Mj8K4+yKE3H1X/D0JRG5XZ5jrctJLMjnUc/LUzaKiwq6EHWNJ8pup8PA=="],

    "@rollup/rollup-linux-loong64-musl": ["@rollup/rollup-linux-loong64-musl@4.64.0", "", { "os": "linux", "cpu": "none" }, "sha512-35RK9aRhh7g7Pmeu5gQ01aCvrhXzj9LoBE6xtUcEH1ns+nyTaSzxSpADmBQINu4QiTDGvmQYwo1j5hlg1rRXFw=="],

    "@rollup/rollup-linux-ppc64-gnu": ["@rollup/rollup-linux-ppc64-gnu@4.64.0", "", { "os": "linux", "cpu": "ppc64" }, "sha512-RqTfnpoTjuWfPAmqK5p2edt2AMCDJWm6oTn7sKfmyx+6tRga0ip05SJ977o6udTcIiDeF/CJMUfkaN4gtWt6Aw=="],

    "@rollup/rollup-linux-ppc64-musl": ["@rollup/rollup-linux-ppc64-musl@4.64.0", "", { "os": "linux", "cpu": "ppc64" }, "sha512-RQjZPigjxFvFZDijG6rjlSXxhRaTf9zLYVpGK+lVcga64oMqP1GbgVqCb46eHTTceSIgp89Ja0y5aPe3GFBYHg=="],

    "@rollup/rollup-linux-riscv64-gnu": ["@rollup/rollup-linux-riscv64-gnu@4.64.0", "", { "os": "linux", "cpu": "none" }, "sha512-tjL58mgQcTRnDRpeky+Sth1MKQeYi2Ct6r3Luq9E5aTSjnM/i/JbozqZkKqp9thM5+oDSZxo+05f9kdQedfTGA=="],

    "@rollup/rollup-linux-riscv64-musl": ["@rollup/rollup-linux-riscv64-musl@4.64.0", "", { "os": "linux", "cpu": "none" }, "sha512-ictoRyVaoZ8C67myHef+8hhCa6IplXJJ/xUCkVCxziV4zxMZh+jvhkhGsPBLqj1S72fnqD0QH5zL4lcaa4X7DQ=="],

    "@rollup/rollup-linux-s390x-gnu": ["@rollup/rollup-linux-s390x-gnu@4.64.0", "", { "os": "linux", "cpu": "s390x" }, "sha512-8aVvZ2hfr9RLFzBQkQNmYeHLDja8fLeQAmLt757zdKN/B+8L809KlLJKctQjS22wZotptV8G6o7fVPuAs8S1tQ=="],

    "@rollup/rollup-linux-x64-gnu": ["@rollup/rollup-linux-x64-gnu@4.64.0", "", { "os": "linux", "cpu": "x64" }, "sha512-2dEF8GAcDKwshUfydD+GhosppNyBzhVUHkdFF3CXd3FpOkzj/RZzF5aoEtzklujklT5qFVRU2GK/cFeLaTNKVg=="],

    "@rollup/rollup-linux-x64-musl": ["@rollup/rollup-linux-x64-musl@4.64.0", "", { "os": "linux", "cpu": "x64" }, "sha512-3XHTvoo2hKkh0MiOfS7SkhHjMaaWF7P4F3drocZZaho/Z8w7h/jpnuBHm91BOQLfvrKHs1yR+zir4E8RI3XzTQ=="],

    "@rollup/rollup-openbsd-x64": ["@rollup/rollup-openbsd-x64@4.64.0", "", { "os": "openbsd", "cpu": "x64" }, "sha512-HKtkzodL4a3KFWDXDoO61cRynAWTR3LnAE0oGtfG9lcNFpNuVYUFOByxDgNqEvic9rvaQbAj+SFwTEWDptRaIw=="],

    "@rollup/rollup-openharmony-arm64": ["@rollup/rollup-openharmony-arm64@4.64.0", "", { "os": "none", "cpu": "arm64" }, "sha512-JBsxqiY16uyyCujtoC3s7zL+SrYyNElptD7K4V+KUoJ2V8/XG3hPWpheK+SuPwNh1cikJvIZmIdsrYXvD6PLJw=="],

    "@rollup/rollup-win32-arm64-msvc": ["@rollup/rollup-win32-arm64-msvc@4.64.0", "", { "os": "win32", "cpu": "arm64" }, "sha512-S5Qrijh37qhnUYQ0ay8WN3LuWeKjow7wTUyCOPMZtnXiBXYXdsZETI6ZLfYnQAKovltckPLBFdNeD61P2rJc7g=="],

    "@rollup/rollup-win32-ia32-msvc": ["@rollup/rollup-win32-ia32-msvc@4.64.0", "", { "os": "win32", "cpu": "ia32" }, "sha512-zbZ6iMmLFEsCtTdc2/y1F/cDFVNNCPF7Ae8PCT/wdPE//hGwYp6r+MyCLMFX+kOeIe09Pz6ASfnnfpSTN1FJQQ=="],

    "@rollup/rollup-win32-x64-gnu": ["@rollup/rollup-win32-x64-gnu@4.64.0", "", { "os": "win32", "cpu": "x64" }, "sha512-L6Hw69oNpuYaOr1zCG30v0/DqKYCSRwodPGwIcVZ/6f8SOzq9rxtL/xNVI5MO4wjli+Ko0ErK9uHJL3mNPt8wQ=="],

    "@rollup/rollup-win32-x64-msvc": ["@rollup/rollup-win32-x64-msvc@4.64.0", "", { "os": "win32", "cpu": "x64" }, "sha512-nl+CTWIgOGszQmUz/kanfgrfFZ4qiwxKIfT/ryl3N3Ewk5tqizmYtNXiqb7Bu/fDtNgu1kyxdFiAUJNur3iysg=="],

    "@types/estree": ["@types/estree@1.0.9", "", {}, "sha512-GhdPgy1el4/ImP05X05Uw4cw2/M93BCUmnEvWZNStlCzEKME4Fkk+YpoA5OiHNQmoS7Cafb8Xa3Pya8m1Qrzeg=="],

    "@types/resolve": ["@types/resolve@1.20.2", "", {}, "sha512-60BCwRFOZCQhDncwQdxxeOEEkbc5dIMccYLwbxsS4TUNeVECQ/pBJ0j09mrHOl/JJvpRPGwO9SvE4nR2Nb/a4Q=="],

    "@typescript/old": ["typescript@6.0.3", "", { "bin": { "tsc": "bin/tsc", "tsserver": "bin/tsserver" } }, "sha512-y2TvuxSZPDyQakkFRPZHKFm+KKVqIisdg9/CZwm9ftvKXLP8NRWj38/ODjNbr43SsoXqNuAisEf1GdCxqWcdBw=="],

    "@typescript/typescript-aix-ppc64": ["@typescript/typescript-aix-ppc64@7.0.2", "", { "os": "aix", "cpu": "ppc64" }, "sha512-MTKKkWB7p/0E9xi1d1tHtZ5PiLkGEMIq88pK2CubZjOsLtYTLqhgIgi6zepFa+9GHZ6h05NMCkQxGKiPXMxXtQ=="],

    "@typescript/typescript-darwin-arm64": ["@typescript/typescript-darwin-arm64@7.0.2", "", { "os": "darwin", "cpu": "arm64" }, "sha512-gowzar9MwS/aRWp6f3a4KUqzRjAZjOsmGNCM6LcTgXum+dBfgsBVMN+AgvOCCbguXyick6LJhpBszxMebJ8syA=="],

    "@typescript/typescript-darwin-x64": ["@typescript/typescript-darwin-x64@7.0.2", "", { "os": "darwin", "cpu": "x64" }, "sha512-SZ9xZInqApNlNGc9s0W1VSsktYSOe9cFqNOIqmN1Gs8SmkjKZYFt017G4VwPxASInODuAdbTW7sXiFUf893RgA=="],

    "@typescript/typescript-freebsd-arm64": ["@typescript/typescript-freebsd-arm64@7.0.2", "", { "os": "freebsd", "cpu": "arm64" }, "sha512-W5NH4y/J0plIIS5b2xvTEkU7JFxyqdMAOgf+Ilhl0vHQXKO5dZoxd+C/jEtq56c4F3wk71RB4BMRQ2XdI+bwYQ=="],

    "@typescript/typescript-freebsd-x64": ["@typescript/typescript-freebsd-x64@7.0.2", "", { "os": "freebsd", "cpu": "x64" }, "sha512-UMGDx5sTpzNw3WiPebH7l90IWfJggEd+egHt/q6p7/Cm3zqoV7VxkGXt+3DxPIw8CcmvAB0j3sVVfbhX+M4Tpw=="],

    "@typescript/typescript-linux-arm": ["@typescript/typescript-linux-arm@7.0.2", "", { "os": "linux", "cpu": "arm" }, "sha512-gffT3xPz9sR7j/YJExkyPntrI0P2EP9XbOyWzth2/Gs0RstK+90RBcO0ncXoXy/beYll1SXw846Nf2zdnEz0QQ=="],

    "@typescript/typescript-linux-arm64": ["@typescript/typescript-linux-arm64@7.0.2", "", { "os": "linux", "cpu": "arm64" }, "sha512-Qh4eU4/y3yDjnfjjyPYihMj5/ODIlmt+Bzu17OI+fiSRDW57QmU5SiN63exPRNJPKUzcc1INa1NXdrJ+MqHjUQ=="],

    "@typescript/typescript-linux-loong64": ["@typescript/typescript-linux-loong64@7.0.2", "", { "os": "linux", "cpu": "none" }, "sha512-uEHck9i8hoAzXPiYRib1O7miOnz23SxIeVl6F4LXox+qov1K35jHcEW6VHKvZI+pyvl7fZEP4MCU5LYvIq1GuQ=="],

    "@typescript/typescript-linux-mips64el": ["@typescript/typescript-linux-mips64el@7.0.2", "", { "os": "linux", "cpu": "none" }, "sha512-R4KvAMnE43W5Qeqb0Ly56O3mWMWIAgsMyz36DCaycd5nbg/9kzm0liw3JocfRqyJY0KPmzFjbswozXyW0DnIYA=="],

    "@typescript/typescript-linux-ppc64": ["@typescript/typescript-linux-ppc64@7.0.2", "", { "os": "linux", "cpu": "ppc64" }, "sha512-DORx5b3sd/4S7eayxm4FQv+A7CrkUIGRaHiwI8oiHTAI1fAPWhF4J0vAlkC8biAlHSVVwxMQ3tjZ2/DVbnQiiA=="],

    "@typescript/typescript-linux-riscv64": ["@typescript/typescript-linux-riscv64@7.0.2", "", { "os": "linux", "cpu": "none" }, "sha512-wf0jqEDOjrPRnKwYRyyJDRo11KMbvMFrU+q4zqKyChODBzvlkbhNQfKvLxQCcwTpdDaXSHZTVuh0JoCrKCUMHQ=="],

    "@typescript/typescript-linux-s390x": ["@typescript/typescript-linux-s390x@7.0.2", "", { "os": "linux", "cpu": "s390x" }, "sha512-IkwJc3L7yhytWd/ewjyxNDfOmswCm9GWMJT/ue/dU4aZNbwZeYAetq42VyLmsmSjvoX7z74X6ZaYCtzAr0EuGw=="],

    "@typescript/typescript-linux-x64": ["@typescript/typescript-linux-x64@7.0.2", "", { "os": "linux", "cpu": "x64" }, "sha512-EYdf2cNg7rgCWJnxCdJ+F3V39O8ihb37eHAu1LK8oAFizgTQbPOK7zHHXbPt8rX24COqODXeI3sIf0fCXG7H/A=="],

    "@typescript/typescript-netbsd-arm64": ["@typescript/typescript-netbsd-arm64@7.0.2", "", { "os": "none", "cpu": "arm64" }, "sha512-+polYF4MF04aPpO5FTkHran9yUQDSXqy5GiSDKpsll5jy3l3+g9QLhpf39T+ePtefhXLOGrLl0QIjkQP6VnelA=="],

    "@typescript/typescript-netbsd-x64": ["@typescript/typescript-netbsd-x64@7.0.2", "", { "os": "none", "cpu": "x64" }, "sha512-8YIT0EHM/3dq10ZOVF/A7pc/YSMtbcecct4rWtexrnSCHOPcpC2KTLXfTCR6vDpnSiY12heNb1GiN/wu+T/FyA=="],

    "@typescript/typescript-openbsd-arm64": ["@typescript/typescript-openbsd-arm64@7.0.2", "", { "os": "openbsd", "cpu": "arm64" }, "sha512-APT8+ClYnuYm1u9+kgGXoMj2VzWzcymwh2gNSQVySHfkRDGOTVkoWLjCmOQSaO+PoqQ57B0flRp9SA+7GnnkzQ=="],

    "@typescript/typescript-openbsd-x64": ["@typescript/typescript-openbsd-x64@7.0.2", "", { "os": "openbsd", "cpu": "x64" }, "sha512-yX7s+Q0Dln0Dt9tEzZsAjXXR/+ytBM7AlglaqyeMPxQszJ1JhlJdZ6jLA+IzldHtflX81em7lDao1xXu+aRRkg=="],

    "@typescript/typescript-sunos-x64": ["@typescript/typescript-sunos-x64@7.0.2", "", { "os": "sunos", "cpu": "x64" }, "sha512-dLJDGaLZ1D4HPQn62u1n8mBDkJREwMsAkCdkwd4Ieqw+x3TUyTsqY0YiBCtE6H6OzzgGk3iuZ3vFWRS+E8/d1g=="],

    "@typescript/typescript-win32-arm64": ["@typescript/typescript-win32-arm64@7.0.2", "", { "os": "win32", "cpu": "arm64" }, "sha512-Gyl1Vy6OsWesLzmq+EP0Fb7b4Nid5232AvcA2SFcdYreldpNtYFFofPjnt62y9hQy7VTaZp65ICJjuAQRaVcIQ=="],

    "@typescript/typescript-win32-x64": ["@typescript/typescript-win32-x64@7.0.2", "", { "os": "win32", "cpu": "x64" }, "sha512-0BQ3HkAHHlKLSp1qRvf3SUhGpGsDuhB/jgFw75guyqbxJqEaS0Cw/VFO8i2nHglJUzQCRtMMR/IBAKE3ETMC4g=="],

    "@typescript/typescript6": ["@typescript/typescript6@6.0.2", "", { "dependencies": { "@typescript/old": "npm:typescript@^6" }, "bin": { "tsc6": "bin/tsc6" } }, "sha512-mbCddXd+jm7hfx7w2YU64/Av4/NqqeG3GoRZgxPcgoTxYjhrcfJRw9ULch71SS4G+Q3bOXFhRvPqjguN0Hyp5w=="],

    "acorn": ["acorn@8.19.0", "", { "bin": { "acorn": "bin/acorn" } }, "sha512-oJlA3XiRm7Cyk6qFD2Jn8ak9B7jSy0qy00ADO3+8dpT0LSjFihQYv4C02LFCSYJV3Q37xYwwRy5m+IpIiUzqWw=="],

    "ansi-regex": ["ansi-regex@5.0.1", "", {}, "sha512-quJQXlTSUGL2LH9SUXo8VwsY4soanhgo6LNSm84E1LBcE8s3O0wpdiRzyR9z/ZZJMlMWv37qOOb9pdJlMUEKFQ=="],

    "ansi-styles": ["ansi-styles@4.3.0", "", { "dependencies": { "color-convert": "^2.0.1" } }, "sha512-zbB9rCJAT1rbjiVDb2hqKFHNYLxgtk8NURxZ3IZwD3F6NtxbXZQCnnSi1Lkx+IDohdPlFp222wVALIheZJQSEg=="],

    "balanced-match": ["balanced-match@4.0.4", "", {}, "sha512-BLrgEcRTwX2o6gGxGOCNyMvGSp35YofuYzw9h1IMTRmKqttAZZVU67bdb9Pr2vUHA8+j3i2tJfjO6C6+4myGTA=="],

    "brace-expansion": ["brace-expansion@5.0.12", "", { "dependencies": { "balanced-match": "^4.0.2" } }, "sha512-YovQ3rzhaLMIrDjNDMkNS01tea93qhEhG5xy8f6+R0l+dw3Ki+5sCoIoI942iuLZTHWogWktgwVDhU09iNEimQ=="],

    "buffer-from": ["buffer-from@1.1.2", "", {}, "sha512-E+XQCRwSbaaiChtv6k6Dwgc+bx+Bs6vuKJHHl5kox/BaKbhiXzqQOwK4cO22yElGp2OCmjwVhT3HmxgyPGnJfQ=="],

    "cliui": ["cliui@8.0.1", "", { "dependencies": { "string-width": "^4.2.0", "strip-ansi": "^6.0.1", "wrap-ansi": "^7.0.0" } }, "sha512-BSeNnyus75C4//NQ9gQt1/csTXyo/8Sb+afLAkzAptFuMsod9HFokGNudZpi/oQV73hnVK+sR+5PVRMd+Dr7YQ=="],

    "color-convert": ["color-convert@2.0.1", "", { "dependencies": { "color-name": "~1.1.4" } }, "sha512-RRECPsj7iu/xb5oKYcsFHSppFNnsj/52OVTRKb4zP5onXwVF3zVmmToNcOfGC+CRDpfK/U584fMg38ZHCaElKQ=="],

    "color-name": ["color-name@1.1.4", "", {}, "sha512-dOy+3AuW3a2wNbZHIuMZpTcgjGuLU/uBL/ubcZF9OXbDo8ff4O8yVp5Bf0efS8uEoYo5q4Fx7dY9OgQGXgAsQA=="],

    "commander": ["commander@2.20.3", "", {}, "sha512-GpVkmM8vF2vQUkj2LvZmD35JxeJOLCwJ9cUkugyk2nuhbv3+mJvpLYYt+0+USMxE+oj+ey/lJEnhZw75x/OMcQ=="],

    "commondir": ["commondir@1.0.1", "", {}, "sha512-W9pAhw0ja1Edb5GVdIF1mjZw/ASI0AlShXM83UUGe2DVr5TdAPEA1OA8m/g8zWp9x6On7gqufY+FatDbC3MDQg=="],

    "convert-source-map": ["convert-source-map@2.0.0", "", {}, "sha512-Kvp459HrV2FEJ1CAsi1Ku+MY3kasH19TFykTz2xWmMeq6bk2NU3XXvfJ+Q61m0xktWwt+1HSYf3JZsTms3aRJg=="],

    "deepmerge": ["deepmerge@4.3.1", "", {}, "sha512-3sUqbMEc77XqpdNO7FRyRog+eW3ph+GYCbj+rK+uYyRMuwsVy0rMiVtPn+QJlKFvWP/1PYpapqYn0Me2knFn+A=="],

    "emoji-regex": ["emoji-regex@8.0.0", "", {}, "sha512-MSjYzcWNOA0ewAHpz0MxpYFvwg6yjy1NG3xteoqz644VCo/RPgnr1/GGt+ic3iJTzQ8Eu3TdM14SawnVUmGE6A=="],

    "es-errors": ["es-errors@1.3.0", "", {}, "sha512-Zf5H2Kxt2xjTvbJvP2ZWLEICxA6j+hAmMzIlypy4xcBg1vKVnx89Wy0GbS+kf5cwCVFFzdCFh2XSCFNULS6csw=="],

    "escalade": ["escalade@3.2.0", "", {}, "sha512-WUj2qlxaQtO4g6Pq5c29GTcWGDyd8itL8zTlipgECz3JesAiiOKotd8JU6otB3PACgG6xkJUyVhboMS+bje/jA=="],

    "estree-walker": ["estree-walker@2.0.2", "", {}, "sha512-Rfkk/Mp/DL7JVje3u18FxFujQlTNR2q6QfMSMB7AvCBx91NGj/ba3kCfza0f6dVDbw7YlRf/nDrn7pQrCCyQ/w=="],

    "fdir": ["fdir@6.5.0", "", { "peerDependencies": { "picomatch": "^3 || ^4" }, "optionalPeers": ["picomatch"] }, "sha512-tIbYtZbucOs0BRGqPJkshJUYdL+SDH7dVM8gjy+ERp3WAUjLEFJE+02kanyHtwjWOnwrKYBiwAmM0p4kLJAnXg=="],

    "fsevents": ["fsevents@2.3.3", "", { "os": "darwin" }, "sha512-5xoDfX+fL7faATnagmWPpbFtwh/R77WmMMqqHGS65C3vvB0YHrgF+B1YmZ3441tMj5n63k0212XNoJwzlhffQw=="],

    "function-bind": ["function-bind@1.1.2", "", {}, "sha512-7XHNxH7qX9xG5mIwxkhumTox/MIRNcOgDrxWsMt2pAr23WHp6MrRlN7FBSFpCpr+oVO0F744iUgR82nJMfG2SA=="],

    "get-caller-file": ["get-caller-file@2.0.5", "", {}, "sha512-DyFP3BM/3YHTQOCUL/w0OZHR0lpKeGrxotcHWcqNEdnltqFwXVfhEBQ94eIo34AfQpo0rGki4cyIiftY06h2Fg=="],

    "glob": ["glob@13.0.6", "", { "dependencies": { "minimatch": "^10.2.2", "minipass": "^7.1.3", "path-scurry": "^2.0.2" } }, "sha512-Wjlyrolmm8uDpm/ogGyXZXb1Z+Ca2B8NbJwqBVg0axK9GbBeoS7yGV6vjXnYdGm6X53iehEuxxbyiKp8QmN4Vw=="],

    "hasown": ["hasown@2.0.4", "", { "dependencies": { "function-bind": "^1.1.2" } }, "sha512-T2UbfbBEF32wiepXIsMlTW9+dDYC6wMh/t/vYA4tuOMKqWz/n3vr1NFSxQiyP+zk2mXsoMA/i/7qV6LKut1t1A=="],

    "is-core-module": ["is-core-module@2.17.0", "", { "dependencies": { "hasown": "^2.0.4" } }, "sha512-J/vG0zBCbIKOQFfufSwyXdMrsohyJIUNkrnmo6WZGzoM7tr/lsbfW5b2BvisL6zsyMzK9UxV9L6c7AoFbyXHOA=="],

    "is-fullwidth-code-point": ["is-fullwidth-code-point@3.0.0", "", {}, "sha512-zymm5+u+sCsSWyD9qNaejV3DFvhCKclKdizYaJUuHA83RLjb7nSuGnddCHGv0hk+KY7BMAlsWeK4Ueg6EV6XQg=="],

    "is-module": ["is-module@1.0.0", "", {}, "sha512-51ypPSPCoTEIN9dy5Oy+h4pShgJmPCygKfyRCISBI+JoWT/2oJvK8QPxmwv7b/p239jXrm9M1mlQbyKJ5A152g=="],

    "is-reference": ["is-reference@1.2.1", "", { "dependencies": { "@types/estree": "*" } }, "sha512-U82MsXXiFIrjCK4otLT+o2NA2Cd2g5MLoOVXUZjIOhLurrRxpEXzI8O0KZHr3IjLvlAH1kTPYSuqer5T9ZVBKQ=="],

    "js-tokens": ["js-tokens@10.0.0", "", {}, "sha512-lM/UBzQmfJRo9ABXbPWemivdCW8V2G8FHaHdypQaIy523snUjog0W71ayWXTjiR+ixeMyVHN2XcpnTd/liPg/Q=="],

    "lru-cache": ["lru-cache@11.5.3", "", {}, "sha512-U4N8FgzmWxc8k1VH8Kr6lQg18U7Fjvby6wXHVRX/ZZ7IwWbRMgrRbP0Wrb5q5NVinryp4SQampHKdvtecItxUg=="],

    "magic-string": ["magic-string@0.30.21", "", { "dependencies": { "@jridgewell/sourcemap-codec": "^1.5.5" } }, "sha512-vd2F4YUyEXKGcLHoq+TEyCjxueSeHnFxyyjNp80yg0XV4vUhnDer/lvvlqM/arB5bXQN5K2/3oinyCRyx8T2CQ=="],

    "minimatch": ["minimatch@10.2.6", "", { "dependencies": { "brace-expansion": "^5.0.8" } }, "sha512-vpLQEs+VLCr1nU0BXS07maYoFwlDAH0gngQuuttxIwutDFEMHq2blX+8vpgxDdK3J1PwjCJiep77OitTZ4Ll1A=="],

    "minipass": ["minipass@7.1.3", "", {}, "sha512-tEBHqDnIoM/1rXME1zgka9g6Q2lcoCkxHLuc7ODJ5BxbP5d4c2Z5cGgtXAku59200Cx7diuHTOYfSBD8n6mm8A=="],

    "path-parse": ["path-parse@1.0.7", "", {}, "sha512-LDJzPVEEEPR+y48z93A0Ed0yXb8pAByGWo/k5YYdYgpY2/2EsOsksJrq7lOHxryrVOn1ejG6oAp8ahvOIQD8sw=="],

    "path-scurry": ["path-scurry@2.0.2", "", { "dependencies": { "lru-cache": "^11.0.0", "minipass": "^7.1.2" } }, "sha512-3O/iVVsJAPsOnpwWIeD+d6z/7PmqApyQePUtCndjatj/9I5LylHvt5qluFaBT3I5h3r1ejfR056c+FCv+NnNXg=="],

    "picomatch": ["picomatch@4.0.7", "", {}, "sha512-qcJu88Q2IWqJsDD529JKMdwGm/dvInW4HvQnRwiH9JtihJvzGOscDtHE3x1pBKeUOTysQ8kVmLnJ2kJu7yhcGA=="],

    "require-directory": ["require-directory@2.1.1", "", {}, "sha512-fGxEI7+wsG9xrvdjsrlmL22OMTTiHRwAMroiEeMgq8gzoLC/PQr7RsRDSTLUg/bZAZtF+TVIkHc6/4RIKrui+Q=="],

    "resolve": ["resolve@1.22.12", "", { "dependencies": { "es-errors": "^1.3.0", "is-core-module": "^2.16.1", "path-parse": "^1.0.7", "supports-preserve-symlinks-flag": "^1.0.0" }, "bin": { "resolve": "bin/resolve" } }, "sha512-TyeJ1zif53BPfHootBGwPRYT1RUt6oGWsaQr8UyZW/eAm9bKoijtvruSDEmZHm92CwS9nj7/fWttqPCgzep8CA=="],

    "rollup": ["rollup@4.64.0", "", { "dependencies": { "@types/estree": "1.0.9" }, "optionalDependencies": { "@napi-rs/lzma-linux-x64-gnu": "1.5.1", "@rollup/rollup-android-arm-eabi": "4.64.0", "@rollup/rollup-android-arm64": "4.64.0", "@rollup/rollup-darwin-arm64": "4.64.0", "@rollup/rollup-darwin-x64": "4.64.0", "@rollup/rollup-freebsd-arm64": "4.64.0", "@rollup/rollup-freebsd-x64": "4.64.0", "@rollup/rollup-linux-arm-gnueabihf": "4.64.0", "@rollup/rollup-linux-arm-musleabihf": "4.64.0", "@rollup/rollup-linux-arm64-gnu": "4.64.0", "@rollup/rollup-linux-arm64-musl": "4.64.0", "@rollup/rollup-linux-loong64-gnu": "4.64.0", "@rollup/rollup-linux-loong64-musl": "4.64.0", "@rollup/rollup-linux-ppc64-gnu": "4.64.0", "@rollup/rollup-linux-ppc64-musl": "4.64.0", "@rollup/rollup-linux-riscv64-gnu": "4.64.0", "@rollup/rollup-linux-riscv64-musl": "4.64.0", "@rollup/rollup-linux-s390x-gnu": "4.64.0", "@rollup/rollup-linux-x64-gnu": "4.64.0", "@rollup/rollup-linux-x64-musl": "4.64.0", "@rollup/rollup-openbsd-x64": "4.64.0", "@rollup/rollup-openharmony-arm64": "4.64.0", "@rollup/rollup-win32-arm64-msvc": "4.64.0", "@rollup/rollup-win32-ia32-msvc": "4.64.0", "@rollup/rollup-win32-x64-gnu": "4.64.0", "@rollup/rollup-win32-x64-msvc": "4.64.0", "fsevents": "~2.3.2" }, "bin": { "rollup": "dist/bin/rollup" } }, "sha512-gjA/kFeDfffII8COoPsvLPvE16hWDTEc1+0QKQNKUkuV8iJjqsC4xXs8/FzuL0v9EV39kuxTbAgcFoTRyy2TGQ=="],

    "rollup-plugin-dts": ["rollup-plugin-dts@6.5.1", "", { "dependencies": { "@jridgewell/remapping": "^2.3.5", "@jridgewell/sourcemap-codec": "^1.5.5", "convert-source-map": "^2.0.0", "magic-string": "^0.30.21" }, "optionalDependencies": { "@babel/code-frame": "^8.0.0" }, "peerDependencies": { "@typescript/typescript6": "^6", "rollup": "^3 || ^4", "typescript": "^4.5 || ^5 || ^6 || ^7" }, "optionalPeers": ["@typescript/typescript6"] }, "sha512-jODTXp3H7MK/Ur/ErtsrQ0G1GvaCmc3du+y5pNrdBMf6d7HlL2Nd/N6TkEr+f75CkUj01zEoEd7y2elH0eHi1Q=="],

    "serialize-javascript": ["serialize-javascript@7.1.2", "", {}, "sha512-GL2BWwVa6JydKO6l/ljVgjAZF4QJ3S7dWDWi53s5GZT8PJzD2fNxi67HANQGKAqPrwEpL5ba7gUBGi0Ls/sEoQ=="],

    "smob": ["smob@1.6.2", "", {}, "sha512-RQsvleCbF8cVHEv+xuDGaA4pOizFqJ0GgjtMSRo6oP8pnN7WsigHgVGey6aILRBKv4W2YOMHLqbKdnB6hpB9fw=="],

    "source-map": ["source-map@0.6.1", "", {}, "sha512-UjgapumWlbMhkBgzT7Ykc5YXUT46F0iKu8SGXq0bcwP5dz/h0Plj6enJqjz1Zbq2l5WaqYnrVbwWOWMyF3F47g=="],

    "source-map-support": ["source-map-support@0.5.21", "", { "dependencies": { "buffer-from": "^1.0.0", "source-map": "^0.6.0" } }, "sha512-uBHU3L3czsIyYXKX88fdrGovxdSCoTGDRZ6SYXtSRxLZUzHg5P/66Ht6uoUlHu9EZod+inXhKo3qQgwXUT/y1w=="],

    "string-width": ["string-width@4.2.3", "", { "dependencies": { "emoji-regex": "^8.0.0", "is-fullwidth-code-point": "^3.0.0", "strip-ansi": "^6.0.1" } }, "sha512-wKyQRQpjJ0sIp62ErSZdGsjMJWsap5oRNihHhu6G7JVO/9jIB6UyevL+tXuOqrng8j/cxKTWyWUwvSTriiZz/g=="],

    "strip-ansi": ["strip-ansi@6.0.1", "", { "dependencies": { "ansi-regex": "^5.0.1" } }, "sha512-Y38VPSHcqkFrCpFnQ9vuSXmquuv5oXOKpGeT6aGrr3o3Gc9AlVa6JBfUSOCnbxGGZF+/0ooI7KrPuUSztUdU5A=="],

    "supports-preserve-symlinks-flag": ["supports-preserve-symlinks-flag@1.0.0", "", {}, "sha512-ot0WnXS9fgdkgIcePe6RHNk1WA8+muPa6cSjeR3V8K27q9BB1rTE3R1p7Hv0z1ZyAc8s6Vvv8DIyWf681MAt0w=="],

    "terser": ["terser@5.51.2", "", { "dependencies": { "@jridgewell/source-map": "^0.3.3", "acorn": "^8.15.0", "commander": "^2.20.0", "source-map-support": "~0.5.20" }, "bin": { "terser": "bin/terser" } }, "sha512-bWnjSNscmuI+GJze6ZupnHP8G/cTcsJF+bXCeQknk2SHQsgbNJnLrqiH9jZ2W4STPVXH2mDKKRX3iwPhc9Cn/Q=="],

    "typescript": ["typescript@7.0.2", "", { "optionalDependencies": { "@typescript/typescript-aix-ppc64": "7.0.2", "@typescript/typescript-darwin-arm64": "7.0.2", "@typescript/typescript-darwin-x64": "7.0.2", "@typescript/typescript-freebsd-arm64": "7.0.2", "@typescript/typescript-freebsd-x64": "7.0.2", "@typescript/typescript-linux-arm": "7.0.2", "@typescript/typescript-linux-arm64": "7.0.2", "@typescript/typescript-linux-loong64": "7.0.2", "@typescript/typescript-linux-mips64el": "7.0.2", "@typescript/typescript-linux-ppc64": "7.0.2", "@typescript/typescript-linux-riscv64": "7.0.2", "@typescript/typescript-linux-s390x": "7.0.2", "@typescript/typescript-linux-x64": "7.0.2", "@typescript/typescript-netbsd-arm64": "7.0.2", "@typescript/typescript-netbsd-x64": "7.0.2", "@typescript/typescript-openbsd-arm64": "7.0.2", "@typescript/typescript-openbsd-x64": "7.0.2", "@typescript/typescript-sunos-x64": "7.0.2", "@typescript/typescript-win32-arm64": "7.0.2", "@typescript/typescript-win32-x64": "7.0.2" }, "bin": { "tsc": "bin/tsc" } }, "sha512-8FYau96o3NKOhbjKi/qNvG/W5jhzxkbdm5sj9AbZ/5T5sWqn3hJgLfGx27sRKZWTvyzCP8dLRBTf5tBTSRVUNA=="],

    "wrap-ansi": ["wrap-ansi@7.0.0", "", { "dependencies": { "ansi-styles": "^4.0.0", "string-width": "^4.1.0", "strip-ansi": "^6.0.0" } }, "sha512-YVGIj2kamLSTxw6NsZjoBxfSwsn0ycdesmc4p+Q21c5zPuZ1pl+NfxVdxPtdHvmNVOQ6XSYG4AUtyt/Fi7D16Q=="],

    "y18n": ["y18n@5.0.8", "", {}, "sha512-0pfFzegeDWJHJIAmTLRP2DwHjdF5s7jo9tuztdQxAhINCdvS+3nGINqPd00AphqJR/0LhANUS6/+7SCb98YOfA=="],

    "yargs": ["yargs@17.7.2", "", { "dependencies": { "cliui": "^8.0.1", "escalade": "^3.1.1", "get-caller-file": "^2.0.5", "require-directory": "^2.1.1", "string-width": "^4.2.3", "y18n": "^5.0.5", "yargs-parser": "^21.1.1" } }, "sha512-7dSzzRQ++CKnNI/krKnYRV7JKKPUXMEh61soaHKg9mrWEhzFWhFnxPxGl+69cD1Ou63C13NUPCnmIcrvqCuM6w=="],

    "yargs-parser": ["yargs-parser@21.1.1", "", {}, "sha512-tVpsJW7DdjecAiFpbIB1e3qxIQsE6NoPc5/eTdrbbIC4h0LVsWhnoa3g+m2HclBIujHzsxZ4VJVA+GUuc2/LBw=="],
  }
}
